
Microsoft Visual Studio Solution File, Format Version 12.00
# Visual Studio 2012
VisualStudioVersion = 12.0.30324.0
MinimumVisualStudioVersion = 10.0.40219.1
Project("{FAE04EC0-301F-11D3-BF4B-00C04F79EFBC}") = "MyXam.Droid", "MyXam.Droid\MyXam.Droid.csproj", "{D6734B80-F0A3-4AB5-805A-1A84F37097DB}"
EndProject
Project("{FAE04EC0-301F-11D3-BF4B-00C04F79EFBC}") = "MyXam.iOS.MasterDetail", "MyMasterDetail\MyXam.iOS.MasterDetail.csproj", "{41995B99-57D7-4A14-8258-34AC84715F36}"
EndProject
Global
	GlobalSection(SolutionConfigurationPlatforms) = preSolution
		Debug|Any CPU = Debug|Any CPU
		Release|Any CPU = Release|Any CPU
		Debug|iPhoneSimulator = Debug|iPhoneSimulator
		Release|iPhoneSimulator = Release|iPhoneSimulator
		Debug|iPhone = Debug|iPhone
		Release|iPhone = Release|iPhone
		Ad-Hoc|iPhone = Ad-Hoc|iPhone
		AppStore|iPhone = AppStore|iPhone
	EndGlobalSection
	GlobalSection(ProjectConfigurationPlatforms) = postSolution
		{41995B99-57D7-4A14-8258-34AC84715F36}.Ad-Hoc|iPhone.ActiveCfg = Ad-Hoc|iPhone
		{41995B99-57D7-4A14-8258-34AC84715F36}.Ad-Hoc|iPhone.Build.0 = Ad-Hoc|iPhone
		{41995B99-57D7-4A14-8258-34AC84715F36}.AppStore|iPhone.ActiveCfg = AppStore|iPhone
		{41995B99-57D7-4A14-8258-34AC84715F36}.AppStore|iPhone.Build.0 = AppStore|iPhone
		{41995B99-57D7-4A14-8258-34AC84715F36}.Debug|Any CPU.ActiveCfg = Debug|iPhoneSimulator
		{41995B99-57D7-4A14-8258-34AC84715F36}.Debug|Any CPU.Build.0 = Debug|iPhoneSimulator
		{41995B99-57D7-4A14-8258-34AC84715F36}.Debug|iPhone.ActiveCfg = Debug|iPhone
		{41995B99-57D7-4A14-8258-34AC84715F36}.Debug|iPhone.Build.0 = Debug|iPhone
		{41995B99-57D7-4A14-8258-34AC84715F36}.Debug|iPhoneSimulator.ActiveCfg = Debug|iPhoneSimulator
		{41995B99-57D7-4A14-8258-34AC84715F36}.Debug|iPhoneSimulator.Build.0 = Debug|iPhoneSimulator
		{41995B99-57D7-4A14-8258-34AC84715F36}.Release|Any CPU.ActiveCfg = Release|iPhoneSimulator
		{41995B99-57D7-4A14-8258-34AC84715F36}.Release|Any CPU.Build.0 = Release|iPhoneSimulator
		{41995B99-57D7-4A14-8258-34AC84715F36}.Release|iPhone.ActiveCfg = Release|iPhone
		{41995B99-57D7-4A14-8258-34AC84715F36}.Release|iPhone.Build.0 = Release|iPhone
		{41995B99-57D7-4A14-8258-34AC84715F36}.Release|iPhoneSimulator.ActiveCfg = Release|iPhoneSimulator
		{41995B99-57D7-4A14-8258-34AC84715F36}.Release|iPhoneSimulator.Build.0 = Release|iPhoneSimulator
		{D6734B80-F0A3-4AB5-805A-1A84F37097DB}.Ad-Hoc|iPhone.ActiveCfg = Debug|Any CPU
		{D6734B80-F0A3-4AB5-805A-1A84F37097DB}.Ad-Hoc|iPhone.Build.0 = Debug|Any CPU
		{D6734B80-F0A3-4AB5-805A-1A84F37097DB}.AppStore|iPhone.ActiveCfg = Debug|Any CPU
		{D6734B80-F0A3-4AB5-805A-1A84F37097DB}.AppStore|iPhone.Build.0 = Debug|Any CPU
		{D6734B80-F0A3-4AB5-805A-1A84F37097DB}.Debug|Any CPU.ActiveCfg = Debug|Any CPU
		{D6734B80-F0A3-4AB5-805A-1A84F37097DB}.Debug|Any CPU.Build.0 = Debug|Any CPU
		{D6734B80-F0A3-4AB5-805A-1A84F37097DB}.Debug|Any CPU.Deploy.0 = Debug|Any CPU
		{D6734B80-F0A3-4AB5-805A-1A84F37097DB}.Debug|iPhone.ActiveCfg = Debug|Any CPU
		{D6734B80-F0A3-4AB5-805A-1A84F37097DB}.Debug|iPhone.Build.0 = Debug|Any CPU
		{D6734B80-F0A3-4AB5-805A-1A84F37097DB}.Debug|iPhoneSimulator.ActiveCfg = Debug|Any CPU
		{D6734B80-F0A3-4AB5-805A-1A84F37097DB}.Debug|iPhoneSimulator.Build.0 = Debug|Any CPU
		{D6734B80-F0A3-4AB5-805A-1A84F37097DB}.Release|Any CPU.ActiveCfg = Release|Any CPU
		{D6734B80-F0A3-4AB5-805A-1A84F37097DB}.Release|Any CPU.Build.0 = Release|Any CPU
		{D6734B80-F0A3-4AB5-805A-1A84F37097DB}.Release|Any CPU.Deploy.0 = Release|Any CPU
		{D6734B80-F0A3-4AB5-805A-1A84F37097DB}.Release|iPhone.ActiveCfg = Release|Any CPU
		{D6734B80-F0A3-4AB5-805A-1A84F37097DB}.Release|iPhone.Build.0 = Release|Any CPU
		{D6734B80-F0A3-4AB5-805A-1A84F37097DB}.Release|iPhoneSimulator.ActiveCfg = Release|Any CPU
		{D6734B80-F0A3-4AB5-805A-1A84F37097DB}.Release|iPhoneSimulator.Build.0 = Release|Any CPU
	EndGlobalSection
	GlobalSection(MonoDevelopProperties) = preSolution
		StartupItem = MyXam.Droid\MyXam.Droid.csproj
	EndGlobalSection
	GlobalSection(SolutionProperties) = preSolution
		HideSolutionNode = FALSE
	EndGlobalSection
EndGlobal
